
Microsoft Visual Studio Solution File, Format Version 12.00
# Visual Studio Version 16
VisualStudioVersion = 16.0.29123.88
MinimumVisualStudioVersion = 10.0.40219.1
Project("{FAE04EC0-301F-11D3-BF4B-00C04F79EFBC}") = "Romarakamlari", "Romarakamlari\Romarakamlari.csproj", "{F83F7B55-97B9-4BEF-BCAC-B849B4CE9010}"
EndProject
Global
	GlobalSection(SolutionConfigurationPlatforms) = preSolution
		Debug|Any CPU = Debug|Any CPU
		Release|Any CPU = Release|Any CPU
	EndGlobalSection
	GlobalSection(ProjectConfigurationPlatforms) = postSolution
		{F83F7B55-97B9-4BEF-BCAC-B849B4CE9010}.Debug|Any CPU.ActiveCfg = Debug|Any CPU
		{F83F7B55-97B9-4BEF-BCAC-B849B4CE9010}.Debug|Any CPU.Build.0 = Debug|Any CPU
		{F83F7B55-97B9-4BEF-BCAC-B849B4CE9010}.Release|Any CPU.ActiveCfg = Release|Any CPU
		{F83F7B55-97B9-4BEF-BCAC-B849B4CE9010}.Release|Any CPU.Build.0 = Release|Any CPU
	EndGlobalSection
	GlobalSection(SolutionProperties) = preSolution
		HideSolutionNode = FALSE
	EndGlobalSection
	GlobalSection(ExtensibilityGlobals) = postSolution
		SolutionGuid = {C5DAC424-E04B-485F-9D6B-DF874B77D7F0}
	EndGlobalSection
EndGlobal
